// !$*UTF8*$!
{
	archiveVersion = 1;
	classes = {
	};
	objectVersion = 52;
	objects = {

/* Begin PBXBuildFile section */
		4D5B908C26998167005555B8 /* AppDelegate.swift in Sources */ = {isa = PBXBuildFile; fileRef = 4D5B908B26998167005555B8 /* AppDelegate.swift */; };
		4D5B908E26998167005555B8 /* SceneDelegate.swift in Sources */ = {isa = PBXBuildFile; fileRef = 4D5B908D26998167005555B8 /* SceneDelegate.swift */; };
		4D5B909326998167005555B8 /* Main.storyboard in Resources */ = {isa = PBXBuildFile; fileRef = 4D5B909126998167005555B8 /* Main.storyboard */; };
		4D5B909526998168005555B8 /* Assets.xcassets in Resources */ = {isa = PBXBuildFile; fileRef = 4D5B909426998168005555B8 /* Assets.xcassets */; };
		4D5B909826998168005555B8 /* LaunchScreen.storyboard in Resources */ = {isa = PBXBuildFile; fileRef = 4D5B909626998168005555B8 /* LaunchScreen.storyboard */; };
		4D5B90AA269988AD005555B8 /* Movie.swift in Sources */ = {isa = PBXBuildFile; fileRef = 4D5B90A9269988AD005555B8 /* Movie.swift */; };
		4D5B90B1269993CE005555B8 /* MovieListViewController.swift in Sources */ = {isa = PBXBuildFile; fileRef = 4D5B90B0269993CE005555B8 /* MovieListViewController.swift */; };
		4D5B90B726999574005555B8 /* ItemTableViewCell.swift in Sources */ = {isa = PBXBuildFile; fileRef = 4D5B90B526999574005555B8 /* ItemTableViewCell.swift */; };
		4D5B90B826999574005555B8 /* ItemTableViewCell.xib in Resources */ = {isa = PBXBuildFile; fileRef = 4D5B90B626999574005555B8 /* ItemTableViewCell.xib */; };
		4D5B90BB26999E7A005555B8 /* ItemTableViewCellModel.swift in Sources */ = {isa = PBXBuildFile; fileRef = 4D5B90BA26999E7A005555B8 /* ItemTableViewCellModel.swift */; };
		4D5B90C12699A2A3005555B8 /* BaseCellViewModel.swift in Sources */ = {isa = PBXBuildFile; fileRef = 4D5B90C02699A2A3005555B8 /* BaseCellViewModel.swift */; };
		4D5B90C42699A42C005555B8 /* ItemType.swift in Sources */ = {isa = PBXBuildFile; fileRef = 4D5B90C32699A42C005555B8 /* ItemType.swift */; };
		4D5B90CB2699B363005555B8 /* MovieCellViewModel.swift in Sources */ = {isa = PBXBuildFile; fileRef = 4D5B90CA2699B363005555B8 /* MovieCellViewModel.swift */; };
		4D5B90CD2699B45D005555B8 /* MovieListViewModel.swift in Sources */ = {isa = PBXBuildFile; fileRef = 4D5B90CC2699B45D005555B8 /* MovieListViewModel.swift */; };
		4D5B90D02699B67F005555B8 /* Alamofire in Frameworks */ = {isa = PBXBuildFile; productRef = 4D5B90CF2699B67F005555B8 /* Alamofire */; };
		4D5B90D32699B6AF005555B8 /* Kingfisher in Frameworks */ = {isa = PBXBuildFile; productRef = 4D5B90D22699B6AF005555B8 /* Kingfisher */; };
		4D5B90D82699B864005555B8 /* APIManager.swift in Sources */ = {isa = PBXBuildFile; fileRef = 4D5B90D72699B864005555B8 /* APIManager.swift */; };
		4D5B90DB2699B8E9005555B8 /* AppError.swift in Sources */ = {isa = PBXBuildFile; fileRef = 4D5B90DA2699B8E9005555B8 /* AppError.swift */; };
		4D5B90DE2699BB0B005555B8 /* SearchRoutes.swift in Sources */ = {isa = PBXBuildFile; fileRef = 4D5B90DD2699BB0B005555B8 /* SearchRoutes.swift */; };
		4D5B90E02699BB9D005555B8 /* Constants.swift in Sources */ = {isa = PBXBuildFile; fileRef = 4D5B90DF2699BB9D005555B8 /* Constants.swift */; };
		4D5B90E22699BC83005555B8 /* APIConfigurationProtocol.swift in Sources */ = {isa = PBXBuildFile; fileRef = 4D5B90E12699BC83005555B8 /* APIConfigurationProtocol.swift */; };
		4D5B90E52699C785005555B8 /* RxCocoa in Frameworks */ = {isa = PBXBuildFile; productRef = 4D5B90E42699C785005555B8 /* RxCocoa */; };
		4D5B90E72699C785005555B8 /* RxSwift in Frameworks */ = {isa = PBXBuildFile; productRef = 4D5B90E62699C785005555B8 /* RxSwift */; };
/* End PBXBuildFile section */

/* Begin PBXFileReference section */
		4D5B908826998167005555B8 /* KumuSkillTest.app */ = {isa = PBXFileReference; explicitFileType = wrapper.application; includeInIndex = 0; path = KumuSkillTest.app; sourceTree = BUILT_PRODUCTS_DIR; };
		4D5B908B26998167005555B8 /* AppDelegate.swift */ = {isa = PBXFileReference; lastKnownFileType = sourcecode.swift; path = AppDelegate.swift; sourceTree = "<group>"; };
		4D5B908D26998167005555B8 /* SceneDelegate.swift */ = {isa = PBXFileReference; lastKnownFileType = sourcecode.swift; path = SceneDelegate.swift; sourceTree = "<group>"; };
		4D5B909226998167005555B8 /* Base */ = {isa = PBXFileReference; lastKnownFileType = file.storyboard; name = Base; path = Base.lproj/Main.storyboard; sourceTree = "<group>"; };
		4D5B909426998168005555B8 /* Assets.xcassets */ = {isa = PBXFileReference; lastKnownFileType = folder.assetcatalog; path = Assets.xcassets; sourceTree = "<group>"; };
		4D5B909726998168005555B8 /* Base */ = {isa = PBXFileReference; lastKnownFileType = file.storyboard; name = Base; path = Base.lproj/LaunchScreen.storyboard; sourceTree = "<group>"; };
		4D5B909926998168005555B8 /* Info.plist */ = {isa = PBXFileReference; lastKnownFileType = text.plist.xml; path = Info.plist; sourceTree = "<group>"; };
		4D5B90A9269988AD005555B8 /* Movie.swift */ = {isa = PBXFileReference; lastKnownFileType = sourcecode.swift; path = Movie.swift; sourceTree = "<group>"; };
		4D5B90B0269993CE005555B8 /* MovieListViewController.swift */ = {isa = PBXFileReference; lastKnownFileType = sourcecode.swift; path = MovieListViewController.swift; sourceTree = "<group>"; };
		4D5B90B526999574005555B8 /* ItemTableViewCell.swift */ = {isa = PBXFileReference; lastKnownFileType = sourcecode.swift; path = ItemTableViewCell.swift; sourceTree = "<group>"; };
		4D5B90B626999574005555B8 /* ItemTableViewCell.xib */ = {isa = PBXFileReference; lastKnownFileType = file.xib; path = ItemTableViewCell.xib; sourceTree = "<group>"; };
		4D5B90BA26999E7A005555B8 /* ItemTableViewCellModel.swift */ = {isa = PBXFileReference; lastKnownFileType = sourcecode.swift; path = ItemTableViewCellModel.swift; sourceTree = "<group>"; };
		4D5B90C02699A2A3005555B8 /* BaseCellViewModel.swift */ = {isa = PBXFileReference; lastKnownFileType = sourcecode.swift; path = BaseCellViewModel.swift; sourceTree = "<group>"; };
		4D5B90C32699A42C005555B8 /* ItemType.swift */ = {isa = PBXFileReference; lastKnownFileType = sourcecode.swift; path = ItemType.swift; sourceTree = "<group>"; };
		4D5B90CA2699B363005555B8 /* MovieCellViewModel.swift */ = {isa = PBXFileReference; lastKnownFileType = sourcecode.swift; path = MovieCellViewModel.swift; sourceTree = "<group>"; };
		4D5B90CC2699B45D005555B8 /* MovieListViewModel.swift */ = {isa = PBXFileReference; lastKnownFileType = sourcecode.swift; path = MovieListViewModel.swift; sourceTree = "<group>"; };
		4D5B90D72699B864005555B8 /* APIManager.swift */ = {isa = PBXFileReference; lastKnownFileType = sourcecode.swift; path = APIManager.swift; sourceTree = "<group>"; };
		4D5B90DA2699B8E9005555B8 /* AppError.swift */ = {isa = PBXFileReference; lastKnownFileType = sourcecode.swift; path = AppError.swift; sourceTree = "<group>"; };
		4D5B90DD2699BB0B005555B8 /* SearchRoutes.swift */ = {isa = PBXFileReference; lastKnownFileType = sourcecode.swift; path = SearchRoutes.swift; sourceTree = "<group>"; };
		4D5B90DF2699BB9D005555B8 /* Constants.swift */ = {isa = PBXFileReference; lastKnownFileType = sourcecode.swift; path = Constants.swift; sourceTree = "<group>"; };
		4D5B90E12699BC83005555B8 /* APIConfigurationProtocol.swift */ = {isa = PBXFileReference; lastKnownFileType = sourcecode.swift; path = APIConfigurationProtocol.swift; sourceTree = "<group>"; };
/* End PBXFileReference section */

/* Begin PBXFrameworksBuildPhase section */
		4D5B908526998167005555B8 /* Frameworks */ = {
			isa = PBXFrameworksBuildPhase;
			buildActionMask = 2147483647;
			files = (
				4D5B90E52699C785005555B8 /* RxCocoa in Frameworks */,
				4D5B90D32699B6AF005555B8 /* Kingfisher in Frameworks */,
				4D5B90E72699C785005555B8 /* RxSwift in Frameworks */,
				4D5B90D02699B67F005555B8 /* Alamofire in Frameworks */,
			);
			runOnlyForDeploymentPostprocessing = 0;
		};
/* End PBXFrameworksBuildPhase section */

/* Begin PBXGroup section */
		4D5B907F26998167005555B8 = {
			isa = PBXGroup;
			children = (
				4D5B908A26998167005555B8 /* KumuSkillTest */,
				4D5B908926998167005555B8 /* Products */,
			);
			sourceTree = "<group>";
		};
		4D5B908926998167005555B8 /* Products */ = {
			isa = PBXGroup;
			children = (
				4D5B908826998167005555B8 /* KumuSkillTest.app */,
			);
			name = Products;
			sourceTree = "<group>";
		};
		4D5B908A26998167005555B8 /* KumuSkillTest */ = {
			isa = PBXGroup;
			children = (
				4D5B90D62699B854005555B8 /* Services */,
				4D5B90C62699A6F4005555B8 /* MovieList */,
				4D5B90A5269987A8005555B8 /* Views */,
				4D5B90A12699877B005555B8 /* Models */,
				4D5B909F26998757005555B8 /* Core */,
			);
			path = KumuSkillTest;
			sourceTree = "<group>";
		};
		4D5B909F26998757005555B8 /* Core */ = {
			isa = PBXGroup;
			children = (
				4D5B90D92699B8DD005555B8 /* Network */,
				4D5B90C22699A3F7005555B8 /* Enums */,
				4D5B909926998168005555B8 /* Info.plist */,
				4D5B908B26998167005555B8 /* AppDelegate.swift */,
				4D5B908D26998167005555B8 /* SceneDelegate.swift */,
				4D5B90DF2699BB9D005555B8 /* Constants.swift */,
			);
			path = Core;
			sourceTree = "<group>";
		};
		4D5B90A12699877B005555B8 /* Models */ = {
			isa = PBXGroup;
			children = (
				4D5B90A9269988AD005555B8 /* Movie.swift */,
			);
			path = Models;
			sourceTree = "<group>";
		};
		4D5B90A426998798005555B8 /* ViewControllers */ = {
			isa = PBXGroup;
			children = (
				4D5B90B0269993CE005555B8 /* MovieListViewController.swift */,
				4D5B90CC2699B45D005555B8 /* MovieListViewModel.swift */,
			);
			path = ViewControllers;
			sourceTree = "<group>";
		};
		4D5B90A5269987A8005555B8 /* Views */ = {
			isa = PBXGroup;
			children = (
				4D5B90BF2699A291005555B8 /* Cells */,
				4D5B90A7269987BC005555B8 /* Assets */,
				4D5B90A6269987AE005555B8 /* Storyboards */,
			);
			path = Views;
			sourceTree = "<group>";
		};
		4D5B90A6269987AE005555B8 /* Storyboards */ = {
			isa = PBXGroup;
			children = (
				4D5B909126998167005555B8 /* Main.storyboard */,
				4D5B909626998168005555B8 /* LaunchScreen.storyboard */,
			);
			path = Storyboards;
			sourceTree = "<group>";
		};
		4D5B90A7269987BC005555B8 /* Assets */ = {
			isa = PBXGroup;
			children = (
				4D5B909426998168005555B8 /* Assets.xcassets */,
			);
			path = Assets;
			sourceTree = "<group>";
		};
		4D5B90B226999505005555B8 /* UITableViewCells */ = {
			isa = PBXGroup;
			children = (
				4D5B90C92699B0BF005555B8 /* Item */,
			);
			path = UITableViewCells;
			sourceTree = "<group>";
		};
		4D5B90BF2699A291005555B8 /* Cells */ = {
			isa = PBXGroup;
			children = (
				4D5B90C02699A2A3005555B8 /* BaseCellViewModel.swift */,
				4D5B90B226999505005555B8 /* UITableViewCells */,
			);
			path = Cells;
			sourceTree = "<group>";
		};
		4D5B90C22699A3F7005555B8 /* Enums */ = {
			isa = PBXGroup;
			children = (
				4D5B90C32699A42C005555B8 /* ItemType.swift */,
			);
			path = Enums;
			sourceTree = "<group>";
		};
		4D5B90C62699A6F4005555B8 /* MovieList */ = {
			isa = PBXGroup;
			children = (
				4D5B90C72699A739005555B8 /* Cells */,
				4D5B90A426998798005555B8 /* ViewControllers */,
			);
			path = MovieList;
			sourceTree = "<group>";
		};
		4D5B90C72699A739005555B8 /* Cells */ = {
			isa = PBXGroup;
			children = (
				4D5B90C82699A74C005555B8 /* UITableViewCells */,
			);
			path = Cells;
			sourceTree = "<group>";
		};
		4D5B90C82699A74C005555B8 /* UITableViewCells */ = {
			isa = PBXGroup;
			children = (
				4D5B90CA2699B363005555B8 /* MovieCellViewModel.swift */,
			);
			path = UITableViewCells;
			sourceTree = "<group>";
		};
		4D5B90C92699B0BF005555B8 /* Item */ = {
			isa = PBXGroup;
			children = (
				4D5B90B526999574005555B8 /* ItemTableViewCell.swift */,
				4D5B90B626999574005555B8 /* ItemTableViewCell.xib */,
				4D5B90BA26999E7A005555B8 /* ItemTableViewCellModel.swift */,
			);
			path = Item;
			sourceTree = "<group>";
		};
		4D5B90D62699B854005555B8 /* Services */ = {
			isa = PBXGroup;
			children = (
				4D5B90D72699B864005555B8 /* APIManager.swift */,
			);
			path = Services;
			sourceTree = "<group>";
		};
		4D5B90D92699B8DD005555B8 /* Network */ = {
			isa = PBXGroup;
			children = (
				4D5B90DC2699BA7E005555B8 /* Routes */,
				4D5B90DA2699B8E9005555B8 /* AppError.swift */,
				4D5B90E12699BC83005555B8 /* APIConfigurationProtocol.swift */,
			);
			path = Network;
			sourceTree = "<group>";
		};
		4D5B90DC2699BA7E005555B8 /* Routes */ = {
			isa = PBXGroup;
			children = (
				4D5B90DD2699BB0B005555B8 /* SearchRoutes.swift */,
			);
			path = Routes;
			sourceTree = "<group>";
		};
/* End PBXGroup section */

/* Begin PBXNativeTarget section */
		4D5B908726998167005555B8 /* KumuSkillTest */ = {
			isa = PBXNativeTarget;
			buildConfigurationList = 4D5B909C26998168005555B8 /* Build configuration list for PBXNativeTarget "KumuSkillTest" */;
			buildPhases = (
				4D5B908426998167005555B8 /* Sources */,
				4D5B908526998167005555B8 /* Frameworks */,
				4D5B908626998167005555B8 /* Resources */,
			);
			buildRules = (
			);
			dependencies = (
			);
			name = KumuSkillTest;
			packageProductDependencies = (
				4D5B90CF2699B67F005555B8 /* Alamofire */,
				4D5B90D22699B6AF005555B8 /* Kingfisher */,
				4D5B90E42699C785005555B8 /* RxCocoa */,
				4D5B90E62699C785005555B8 /* RxSwift */,
			);
			productName = KumuSkillTest;
			productReference = 4D5B908826998167005555B8 /* KumuSkillTest.app */;
			productType = "com.apple.product-type.application";
		};
/* End PBXNativeTarget section */

/* Begin PBXProject section */
		4D5B908026998167005555B8 /* Project object */ = {
			isa = PBXProject;
			attributes = {
				LastSwiftUpdateCheck = 1250;
				LastUpgradeCheck = 1250;
				TargetAttributes = {
					4D5B908726998167005555B8 = {
						CreatedOnToolsVersion = 12.5;
					};
				};
			};
			buildConfigurationList = 4D5B908326998167005555B8 /* Build configuration list for PBXProject "KumuSkillTest" */;
			compatibilityVersion = "Xcode 9.3";
			developmentRegion = en;
			hasScannedForEncodings = 0;
			knownRegions = (
				en,
				Base,
			);
			mainGroup = 4D5B907F26998167005555B8;
			packageReferences = (
				4D5B90CE2699B67F005555B8 /* XCRemoteSwiftPackageReference "Alamofire" */,
				4D5B90D12699B6AF005555B8 /* XCRemoteSwiftPackageReference "Kingfisher" */,
				4D5B90E32699C785005555B8 /* XCRemoteSwiftPackageReference "RxSwift" */,
			);
			productRefGroup = 4D5B908926998167005555B8 /* Products */;
			projectDirPath = "";
			projectRoot = "";
			targets = (
				4D5B908726998167005555B8 /* KumuSkillTest */,
			);
		};
/* End PBXProject section */

/* Begin PBXResourcesBuildPhase section */
		4D5B908626998167005555B8 /* Resources */ = {
			isa = PBXResourcesBuildPhase;
			buildActionMask = 2147483647;
			files = (
				4D5B909826998168005555B8 /* LaunchScreen.storyboard in Resources */,
				4D5B909526998168005555B8 /* Assets.xcassets in Resources */,
				4D5B90B826999574005555B8 /* ItemTableViewCell.xib in Resources */,
				4D5B909326998167005555B8 /* Main.storyboard in Resources */,
			);
			runOnlyForDeploymentPostprocessing = 0;
		};
/* End PBXResourcesBuildPhase section */

/* Begin PBXSourcesBuildPhase section */
		4D5B908426998167005555B8 /* Sources */ = {
			isa = PBXSourcesBuildPhase;
			buildActionMask = 2147483647;
			files = (
				4D5B908C26998167005555B8 /* AppDelegate.swift in Sources */,
				4D5B90CB2699B363005555B8 /* MovieCellViewModel.swift in Sources */,
				4D5B908E26998167005555B8 /* SceneDelegate.swift in Sources */,
				4D5B90B726999574005555B8 /* ItemTableViewCell.swift in Sources */,
				4D5B90D82699B864005555B8 /* APIManager.swift in Sources */,
				4D5B90AA269988AD005555B8 /* Movie.swift in Sources */,
				4D5B90B1269993CE005555B8 /* MovieListViewController.swift in Sources */,
				4D5B90C42699A42C005555B8 /* ItemType.swift in Sources */,
				4D5B90DB2699B8E9005555B8 /* AppError.swift in Sources */,
				4D5B90E22699BC83005555B8 /* APIConfigurationProtocol.swift in Sources */,
				4D5B90CD2699B45D005555B8 /* MovieListViewModel.swift in Sources */,
				4D5B90BB26999E7A005555B8 /* ItemTableViewCellModel.swift in Sources */,
				4D5B90E02699BB9D005555B8 /* Constants.swift in Sources */,
				4D5B90C12699A2A3005555B8 /* BaseCellViewModel.swift in Sources */,
				4D5B90DE2699BB0B005555B8 /* SearchRoutes.swift in Sources */,
			);
			runOnlyForDeploymentPostprocessing = 0;
		};
/* End PBXSourcesBuildPhase section */

/* Begin PBXVariantGroup section */
		4D5B909126998167005555B8 /* Main.storyboard */ = {
			isa = PBXVariantGroup;
			children = (
				4D5B909226998167005555B8 /* Base */,
			);
			name = Main.storyboard;
			sourceTree = "<group>";
		};
		4D5B909626998168005555B8 /* LaunchScreen.storyboard */ = {
			isa = PBXVariantGroup;
			children = (
				4D5B909726998168005555B8 /* Base */,
			);
			name = LaunchScreen.storyboard;
			sourceTree = "<group>";
		};
/* End PBXVariantGroup section */

/* Begin XCBuildConfiguration section */
		4D5B909A26998168005555B8 /* Debug */ = {
			isa = XCBuildConfiguration;
			buildSettings = {
				ALWAYS_SEARCH_USER_PATHS = NO;
				CLANG_ANALYZER_NONNULL = YES;
				CLANG_ANALYZER_NUMBER_OBJECT_CONVERSION = YES_AGGRESSIVE;
				CLANG_CXX_LANGUAGE_STANDARD = "gnu++14";
				CLANG_CXX_LIBRARY = "libc++";
				CLANG_ENABLE_MODULES = YES;
				CLANG_ENABLE_OBJC_ARC = YES;
				CLANG_ENABLE_OBJC_WEAK = YES;
				CLANG_WARN_BLOCK_CAPTURE_AUTORELEASING = YES;
				CLANG_WARN_BOOL_CONVERSION = YES;
				CLANG_WARN_COMMA = YES;
				CLANG_WARN_CONSTANT_CONVERSION = YES;
				CLANG_WARN_DEPRECATED_OBJC_IMPLEMENTATIONS = YES;
				CLANG_WARN_DIRECT_OBJC_ISA_USAGE = YES_ERROR;
				CLANG_WARN_DOCUMENTATION_COMMENTS = YES;
				CLANG_WARN_EMPTY_BODY = YES;
				CLANG_WARN_ENUM_CONVERSION = YES;
				CLANG_WARN_INFINITE_RECURSION = YES;
				CLANG_WARN_INT_CONVERSION = YES;
				CLANG_WARN_NON_LITERAL_NULL_CONVERSION = YES;
				CLANG_WARN_OBJC_IMPLICIT_RETAIN_SELF = YES;
				CLANG_WARN_OBJC_LITERAL_CONVERSION = YES;
				CLANG_WARN_OBJC_ROOT_CLASS = YES_ERROR;
				CLANG_WARN_QUOTED_INCLUDE_IN_FRAMEWORK_HEADER = YES;
				CLANG_WARN_RANGE_LOOP_ANALYSIS = YES;
				CLANG_WARN_STRICT_PROTOTYPES = YES;
				CLANG_WARN_SUSPICIOUS_MOVE = YES;
				CLANG_WARN_UNGUARDED_AVAILABILITY = YES_AGGRESSIVE;
				CLANG_WARN_UNREACHABLE_CODE = YES;
				CLANG_WARN__DUPLICATE_METHOD_MATCH = YES;
				COPY_PHASE_STRIP = NO;
				DEBUG_INFORMATION_FORMAT = dwarf;
				ENABLE_STRICT_OBJC_MSGSEND = YES;
				ENABLE_TESTABILITY = YES;
				GCC_C_LANGUAGE_STANDARD = gnu11;
				GCC_DYNAMIC_NO_PIC = NO;
				GCC_NO_COMMON_BLOCKS = YES;
				GCC_OPTIMIZATION_LEVEL = 0;
				GCC_PREPROCESSOR_DEFINITIONS = (
					"DEBUG=1",
					"$(inherited)",
				);
				GCC_WARN_64_TO_32_BIT_CONVERSION = YES;
				GCC_WARN_ABOUT_RETURN_TYPE = YES_ERROR;
				GCC_WARN_UNDECLARED_SELECTOR = YES;
				GCC_WARN_UNINITIALIZED_AUTOS = YES_AGGRESSIVE;
				GCC_WARN_UNUSED_FUNCTION = YES;
				GCC_WARN_UNUSED_VARIABLE = YES;
				IPHONEOS_DEPLOYMENT_TARGET = 14.5;
				MTL_ENABLE_DEBUG_INFO = INCLUDE_SOURCE;
				MTL_FAST_MATH = YES;
				ONLY_ACTIVE_ARCH = YES;
				SDKROOT = iphoneos;
				SWIFT_ACTIVE_COMPILATION_CONDITIONS = DEBUG;
				SWIFT_OPTIMIZATION_LEVEL = "-Onone";
			};
			name = Debug;
		};
		4D5B909B26998168005555B8 /* Release */ = {
			isa = XCBuildConfiguration;
			buildSettings = {
				ALWAYS_SEARCH_USER_PATHS = NO;
				CLANG_ANALYZER_NONNULL = YES;
				CLANG_ANALYZER_NUMBER_OBJECT_CONVERSION = YES_AGGRESSIVE;
				CLANG_CXX_LANGUAGE_STANDARD = "gnu++14";
				CLANG_CXX_LIBRARY = "libc++";
				CLANG_ENABLE_MODULES = YES;
				CLANG_ENABLE_OBJC_ARC = YES;
				CLANG_ENABLE_OBJC_WEAK = YES;
				CLANG_WARN_BLOCK_CAPTURE_AUTORELEASING = YES;
				CLANG_WARN_BOOL_CONVERSION = YES;
				CLANG_WARN_COMMA = YES;
				CLANG_WARN_CONSTANT_CONVERSION = YES;
				CLANG_WARN_DEPRECATED_OBJC_IMPLEMENTATIONS = YES;
				CLANG_WARN_DIRECT_OBJC_ISA_USAGE = YES_ERROR;
				CLANG_WARN_DOCUMENTATION_COMMENTS = YES;
				CLANG_WARN_EMPTY_BODY = YES;
				CLANG_WARN_ENUM_CONVERSION = YES;
				CLANG_WARN_INFINITE_RECURSION = YES;
				CLANG_WARN_INT_CONVERSION = YES;
				CLANG_WARN_NON_LITERAL_NULL_CONVERSION = YES;
				CLANG_WARN_OBJC_IMPLICIT_RETAIN_SELF = YES;
				CLANG_WARN_OBJC_LITERAL_CONVERSION = YES;
				CLANG_WARN_OBJC_ROOT_CLASS = YES_ERROR;
				CLANG_WARN_QUOTED_INCLUDE_IN_FRAMEWORK_HEADER = YES;
				CLANG_WARN_RANGE_LOOP_ANALYSIS = YES;
				CLANG_WARN_STRICT_PROTOTYPES = YES;
				CLANG_WARN_SUSPICIOUS_MOVE = YES;
				CLANG_WARN_UNGUARDED_AVAILABILITY = YES_AGGRESSIVE;
				CLANG_WARN_UNREACHABLE_CODE = YES;
				CLANG_WARN__DUPLICATE_METHOD_MATCH = YES;
				COPY_PHASE_STRIP = NO;
				DEBUG_INFORMATION_FORMAT = "dwarf-with-dsym";
				ENABLE_NS_ASSERTIONS = NO;
				ENABLE_STRICT_OBJC_MSGSEND = YES;
				GCC_C_LANGUAGE_STANDARD = gnu11;
				GCC_NO_COMMON_BLOCKS = YES;
				GCC_WARN_64_TO_32_BIT_CONVERSION = YES;
				GCC_WARN_ABOUT_RETURN_TYPE = YES_ERROR;
				GCC_WARN_UNDECLARED_SELECTOR = YES;
				GCC_WARN_UNINITIALIZED_AUTOS = YES_AGGRESSIVE;
				GCC_WARN_UNUSED_FUNCTION = YES;
				GCC_WARN_UNUSED_VARIABLE = YES;
				IPHONEOS_DEPLOYMENT_TARGET = 14.5;
				MTL_ENABLE_DEBUG_INFO = NO;
				MTL_FAST_MATH = YES;
				SDKROOT = iphoneos;
				SWIFT_COMPILATION_MODE = wholemodule;
				SWIFT_OPTIMIZATION_LEVEL = "-O";
				VALIDATE_PRODUCT = YES;
			};
			name = Release;
		};
		4D5B909D26998168005555B8 /* Debug */ = {
			isa = XCBuildConfiguration;
			buildSettings = {
				ASSETCATALOG_COMPILER_APPICON_NAME = AppIcon;
				ASSETCATALOG_COMPILER_GLOBAL_ACCENT_COLOR_NAME = AccentColor;
				CODE_SIGN_STYLE = Automatic;
				DEVELOPMENT_TEAM = Y9XY5ZV3YG;
				INFOPLIST_FILE = KumuSkillTest/Core/Info.plist;
				LD_RUNPATH_SEARCH_PATHS = (
					"$(inherited)",
					"@executable_path/Frameworks",
				);
				PRODUCT_BUNDLE_IDENTIFIER = com.test.KumuSkillTest;
				PRODUCT_NAME = "$(TARGET_NAME)";
				SWIFT_VERSION = 5.0;
				TARGETED_DEVICE_FAMILY = "1,2";
			};
			name = Debug;
		};
		4D5B909E26998168005555B8 /* Release */ = {
			isa = XCBuildConfiguration;
			buildSettings = {
				ASSETCATALOG_COMPILER_APPICON_NAME = AppIcon;
				ASSETCATALOG_COMPILER_GLOBAL_ACCENT_COLOR_NAME = AccentColor;
				CODE_SIGN_STYLE = Automatic;
				DEVELOPMENT_TEAM = Y9XY5ZV3YG;
				INFOPLIST_FILE = KumuSkillTest/Core/Info.plist;
				LD_RUNPATH_SEARCH_PATHS = (
					"$(inherited)",
					"@executable_path/Frameworks",
				);
				PRODUCT_BUNDLE_IDENTIFIER = com.test.KumuSkillTest;
				PRODUCT_NAME = "$(TARGET_NAME)";
				SWIFT_VERSION = 5.0;
				TARGETED_DEVICE_FAMILY = "1,2";
			};
			name = Release;
		};
/* End XCBuildConfiguration section */

/* Begin XCConfigurationList section */
		4D5B908326998167005555B8 /* Build configuration list for PBXProject "KumuSkillTest" */ = {
			isa = XCConfigurationList;
			buildConfigurations = (
				4D5B909A26998168005555B8 /* Debug */,
				4D5B909B26998168005555B8 /* Release */,
			);
			defaultConfigurationIsVisible = 0;
			defaultConfigurationName = Release;
		};
		4D5B909C26998168005555B8 /* Build configuration list for PBXNativeTarget "KumuSkillTest" */ = {
			isa = XCConfigurationList;
			buildConfigurations = (
				4D5B909D26998168005555B8 /* Debug */,
				4D5B909E26998168005555B8 /* Release */,
			);
			defaultConfigurationIsVisible = 0;
			defaultConfigurationName = Release;
		};
/* End XCConfigurationList section */

/* Begin XCRemoteSwiftPackageReference section */
		4D5B90CE2699B67F005555B8 /* XCRemoteSwiftPackageReference "Alamofire" */ = {
			isa = XCRemoteSwiftPackageReference;
			repositoryURL = "https://github.com/Alamofire/Alamofire.git";
			requirement = {
				kind = upToNextMajorVersion;
				minimumVersion = 5.4.3;
			};
		};
		4D5B90D12699B6AF005555B8 /* XCRemoteSwiftPackageReference "Kingfisher" */ = {
			isa = XCRemoteSwiftPackageReference;
			repositoryURL = "https://github.com/onevcat/Kingfisher.git";
			requirement = {
				kind = upToNextMajorVersion;
				minimumVersion = 6.3.0;
			};
		};
		4D5B90E32699C785005555B8 /* XCRemoteSwiftPackageReference "RxSwift" */ = {
			isa = XCRemoteSwiftPackageReference;
			repositoryURL = "https://github.com/ReactiveX/RxSwift.git";
			requirement = {
				kind = upToNextMajorVersion;
				minimumVersion = 6.2.0;
			};
		};
/* End XCRemoteSwiftPackageReference section */

/* Begin XCSwiftPackageProductDependency section */
		4D5B90CF2699B67F005555B8 /* Alamofire */ = {
			isa = XCSwiftPackageProductDependency;
			package = 4D5B90CE2699B67F005555B8 /* XCRemoteSwiftPackageReference "Alamofire" */;
			productName = Alamofire;
		};
		4D5B90D22699B6AF005555B8 /* Kingfisher */ = {
			isa = XCSwiftPackageProductDependency;
			package = 4D5B90D12699B6AF005555B8 /* XCRemoteSwiftPackageReference "Kingfisher" */;
			productName = Kingfisher;
		};
		4D5B90E42699C785005555B8 /* RxCocoa */ = {
			isa = XCSwiftPackageProductDependency;
			package = 4D5B90E32699C785005555B8 /* XCRemoteSwiftPackageReference "RxSwift" */;
			productName = RxCocoa;
		};
		4D5B90E62699C785005555B8 /* RxSwift */ = {
			isa = XCSwiftPackageProductDependency;
			package = 4D5B90E32699C785005555B8 /* XCRemoteSwiftPackageReference "RxSwift" */;
			productName = RxSwift;
		};
/* End XCSwiftPackageProductDependency section */
	};
	rootObject = 4D5B908026998167005555B8 /* Project object */;
}
